
Microsoft Visual Studio Solution File, Format Version 12.00
# Visual Studio Version 17
VisualStudioVersion = 17.5.002.0
MinimumVisualStudioVersion = 10.0.40219.1
Project("{9A19103F-16F7-4668-BE54-9A1E7A4F7556}") = "vehicle-enrollment-api", "vehicle-enrollment-api.csproj", "{BE7EC9DD-93C3-48ED-B608-9FCE2370DDE3}"
EndProject
Global
	GlobalSection(SolutionConfigurationPlatforms) = preSolution
		Debug|Any CPU = Debug|Any CPU
		Release|Any CPU = Release|Any CPU
	EndGlobalSection
	GlobalSection(ProjectConfigurationPlatforms) = postSolution
		{BE7EC9DD-93C3-48ED-B608-9FCE2370DDE3}.Debug|Any CPU.ActiveCfg = Debug|Any CPU
		{BE7EC9DD-93C3-48ED-B608-9FCE2370DDE3}.Debug|Any CPU.Build.0 = Debug|Any CPU
		{BE7EC9DD-93C3-48ED-B608-9FCE2370DDE3}.Release|Any CPU.ActiveCfg = Release|Any CPU
		{BE7EC9DD-93C3-48ED-B608-9FCE2370DDE3}.Release|Any CPU.Build.0 = Release|Any CPU
	EndGlobalSection
	GlobalSection(SolutionProperties) = preSolution
		HideSolutionNode = FALSE
	EndGlobalSection
	GlobalSection(ExtensibilityGlobals) = postSolution
		SolutionGuid = {14BE7E17-4811-4A3F-A7C3-EF3D8ED0710D}
	EndGlobalSection
EndGlobal
